
Microsoft Visual Studio Solution File, Format Version 12.00
# Visual Studio Version 17
VisualStudioVersion = 17.6.33815.320
MinimumVisualStudioVersion = 10.0.40219.1
Project("{9A19103F-16F7-4668-BE54-9A1E7A4F7556}") = "Security_Response_Program", "Security_Response_Program\Security_Response_Program.csproj", "{F410C08D-B30E-46D6-827B-922E934E3172}"
EndProject
Global
	GlobalSection(SolutionConfigurationPlatforms) = preSolution
		Debug|Any CPU = Debug|Any CPU
		Release|Any CPU = Release|Any CPU
	EndGlobalSection
	GlobalSection(ProjectConfigurationPlatforms) = postSolution
		{F410C08D-B30E-46D6-827B-922E934E3172}.Debug|Any CPU.ActiveCfg = Debug|Any CPU
		{F410C08D-B30E-46D6-827B-922E934E3172}.Debug|Any CPU.Build.0 = Debug|Any CPU
		{F410C08D-B30E-46D6-827B-922E934E3172}.Release|Any CPU.ActiveCfg = Release|Any CPU
		{F410C08D-B30E-46D6-827B-922E934E3172}.Release|Any CPU.Build.0 = Release|Any CPU
	EndGlobalSection
	GlobalSection(SolutionProperties) = preSolution
		HideSolutionNode = FALSE
	EndGlobalSection
	GlobalSection(ExtensibilityGlobals) = postSolution
		SolutionGuid = {5003D553-8A4E-4C12-BA34-578F9776D4EB}
	EndGlobalSection
EndGlobal
